// !$*UTF8*$!
{
	archiveVersion = 1;
	classes = {
	};
	objectVersion = 46;
	objects = {

/* Begin PBXBuildFile section */
		18295F2B19E8A93600ED2831 /* Muffin.jpg in Resources */ = {isa = PBXBuildFile; fileRef = 18295F2A19E8A93600ED2831 /* Muffin.jpg */; };
		18295F2D19E8AB8900ED2831 /* Made20bacon.png in Resources */ = {isa = PBXBuildFile; fileRef = 18295F2C19E8AB8900ED2831 /* Made20bacon.png */; };
		186FBB0219DF7748008E4C8D /* AppDelegate.swift in Sources */ = {isa = PBXBuildFile; fileRef = 186FBB0119DF7748008E4C8D /* AppDelegate.swift */; };
		186FBB0419DF7748008E4C8D /* ViewController.swift in Sources */ = {isa = PBXBuildFile; fileRef = 186FBB0319DF7748008E4C8D /* ViewController.swift */; };
		186FBB0719DF7748008E4C8D /* Main.storyboard in Resources */ = {isa = PBXBuildFile; fileRef = 186FBB0519DF7748008E4C8D /* Main.storyboard */; };
		186FBB0919DF7748008E4C8D /* Images.xcassets in Resources */ = {isa = PBXBuildFile; fileRef = 186FBB0819DF7748008E4C8D /* Images.xcassets */; };
		186FBB0C19DF7748008E4C8D /* LaunchScreen.xib in Resources */ = {isa = PBXBuildFile; fileRef = 186FBB0A19DF7748008E4C8D /* LaunchScreen.xib */; };
		186FBB1819DF7748008E4C8D /* Muffin_ButtonTests.swift in Sources */ = {isa = PBXBuildFile; fileRef = 186FBB1719DF7748008E4C8D /* Muffin_ButtonTests.swift */; };
		1885A03A19F1D86900B8E754 /* ShopViewController.swift in Sources */ = {isa = PBXBuildFile; fileRef = 1885A03919F1D86900B8E754 /* ShopViewController.swift */; };
		18C0DF0B19EAE5E60034E1A6 /* factory-vector-381896.jpg in Resources */ = {isa = PBXBuildFile; fileRef = 18C0DF0A19EAE5E60034E1A6 /* factory-vector-381896.jpg */; };
/* End PBXBuildFile section */

/* Begin PBXContainerItemProxy section */
		186FBB1219DF7748008E4C8D /* PBXContainerItemProxy */ = {
			isa = PBXContainerItemProxy;
			containerPortal = 186FBAF419DF7748008E4C8D /* Project object */;
			proxyType = 1;
			remoteGlobalIDString = 186FBAFB19DF7748008E4C8D;
			remoteInfo = "Muffin Button";
		};
/* End PBXContainerItemProxy section */

/* Begin PBXFileReference section */
		18295F2A19E8A93600ED2831 /* Muffin.jpg */ = {isa = PBXFileReference; lastKnownFileType = image.jpeg; name = Muffin.jpg; path = Images.xcassets/Muffin.jpg; sourceTree = "<group>"; };
		18295F2C19E8AB8900ED2831 /* Made20bacon.png */ = {isa = PBXFileReference; lastKnownFileType = image.png; path = Made20bacon.png; sourceTree = "<group>"; };
		186FBAFC19DF7748008E4C8D /* Muffin Button.app */ = {isa = PBXFileReference; explicitFileType = wrapper.application; includeInIndex = 0; path = "Muffin Button.app"; sourceTree = BUILT_PRODUCTS_DIR; };
		186FBB0019DF7748008E4C8D /* Info.plist */ = {isa = PBXFileReference; lastKnownFileType = text.plist.xml; path = Info.plist; sourceTree = "<group>"; };
		186FBB0119DF7748008E4C8D /* AppDelegate.swift */ = {isa = PBXFileReference; lastKnownFileType = sourcecode.swift; path = AppDelegate.swift; sourceTree = "<group>"; };
		186FBB0319DF7748008E4C8D /* ViewController.swift */ = {isa = PBXFileReference; lastKnownFileType = sourcecode.swift; path = ViewController.swift; sourceTree = "<group>"; };
		186FBB0619DF7748008E4C8D /* Base */ = {isa = PBXFileReference; lastKnownFileType = file.storyboard; name = Base; path = Base.lproj/Main.storyboard; sourceTree = "<group>"; };
		186FBB0819DF7748008E4C8D /* Images.xcassets */ = {isa = PBXFileReference; lastKnownFileType = folder.assetcatalog; path = Images.xcassets; sourceTree = "<group>"; };
		186FBB0B19DF7748008E4C8D /* Base */ = {isa = PBXFileReference; lastKnownFileType = file.xib; name = Base; path = Base.lproj/LaunchScreen.xib; sourceTree = "<group>"; };
		186FBB1119DF7748008E4C8D /* Muffin ButtonTests.xctest */ = {isa = PBXFileReference; explicitFileType = wrapper.cfbundle; includeInIndex = 0; path = "Muffin ButtonTests.xctest"; sourceTree = BUILT_PRODUCTS_DIR; };
		186FBB1619DF7748008E4C8D /* Info.plist */ = {isa = PBXFileReference; lastKnownFileType = text.plist.xml; path = Info.plist; sourceTree = "<group>"; };
		186FBB1719DF7748008E4C8D /* Muffin_ButtonTests.swift */ = {isa = PBXFileReference; lastKnownFileType = sourcecode.swift; path = Muffin_ButtonTests.swift; sourceTree = "<group>"; };
		1885A03919F1D86900B8E754 /* ShopViewController.swift */ = {isa = PBXFileReference; fileEncoding = 4; lastKnownFileType = sourcecode.swift; path = ShopViewController.swift; sourceTree = "<group>"; };
		18C0DF0A19EAE5E60034E1A6 /* factory-vector-381896.jpg */ = {isa = PBXFileReference; lastKnownFileType = image.jpeg; path = "factory-vector-381896.jpg"; sourceTree = "<group>"; };
/* End PBXFileReference section */

/* Begin PBXFrameworksBuildPhase section */
		186FBAF919DF7748008E4C8D /* Frameworks */ = {
			isa = PBXFrameworksBuildPhase;
			buildActionMask = 2147483647;
			files = (
			);
			runOnlyForDeploymentPostprocessing = 0;
		};
		186FBB0E19DF7748008E4C8D /* Frameworks */ = {
			isa = PBXFrameworksBuildPhase;
			buildActionMask = 2147483647;
			files = (
			);
			runOnlyForDeploymentPostprocessing = 0;
		};
/* End PBXFrameworksBuildPhase section */

/* Begin PBXGroup section */
		18295F2919E8A8D700ED2831 /* Images */ = {
			isa = PBXGroup;
			children = (
				18C0DF0A19EAE5E60034E1A6 /* factory-vector-381896.jpg */,
				18295F2C19E8AB8900ED2831 /* Made20bacon.png */,
				18295F2A19E8A93600ED2831 /* Muffin.jpg */,
			);
			name = Images;
			sourceTree = "<group>";
		};
		186FBAF319DF7748008E4C8D = {
			isa = PBXGroup;
			children = (
				186FBAFE19DF7748008E4C8D /* Muffin Button */,
				186FBB1419DF7748008E4C8D /* Muffin ButtonTests */,
				186FBAFD19DF7748008E4C8D /* Products */,
			);
			sourceTree = "<group>";
		};
		186FBAFD19DF7748008E4C8D /* Products */ = {
			isa = PBXGroup;
			children = (
				186FBAFC19DF7748008E4C8D /* Muffin Button.app */,
				186FBB1119DF7748008E4C8D /* Muffin ButtonTests.xctest */,
			);
			name = Products;
			sourceTree = "<group>";
		};
		186FBAFE19DF7748008E4C8D /* Muffin Button */ = {
			isa = PBXGroup;
			children = (
				186FBB0119DF7748008E4C8D /* AppDelegate.swift */,
				186FBB0319DF7748008E4C8D /* ViewController.swift */,
				186FBB0519DF7748008E4C8D /* Main.storyboard */,
				186FBB0819DF7748008E4C8D /* Images.xcassets */,
				186FBB0A19DF7748008E4C8D /* LaunchScreen.xib */,
				186FBAFF19DF7748008E4C8D /* Supporting Files */,
				1885A03919F1D86900B8E754 /* ShopViewController.swift */,
			);
			path = "Muffin Button";
			sourceTree = "<group>";
		};
		186FBAFF19DF7748008E4C8D /* Supporting Files */ = {
			isa = PBXGroup;
			children = (
				18295F2919E8A8D700ED2831 /* Images */,
				186FBB0019DF7748008E4C8D /* Info.plist */,
			);
			name = "Supporting Files";
			sourceTree = "<group>";
		};
		186FBB1419DF7748008E4C8D /* Muffin ButtonTests */ = {
			isa = PBXGroup;
			children = (
				186FBB1719DF7748008E4C8D /* Muffin_ButtonTests.swift */,
				186FBB1519DF7748008E4C8D /* Supporting Files */,
			);
			path = "Muffin ButtonTests";
			sourceTree = "<group>";
		};
		186FBB1519DF7748008E4C8D /* Supporting Files */ = {
			isa = PBXGroup;
			children = (
				186FBB1619DF7748008E4C8D /* Info.plist */,
			);
			name = "Supporting Files";
			sourceTree = "<group>";
		};
/* End PBXGroup section */

/* Begin PBXNativeTarget section */
		186FBAFB19DF7748008E4C8D /* Muffin Button */ = {
			isa = PBXNativeTarget;
			buildConfigurationList = 186FBB1B19DF7748008E4C8D /* Build configuration list for PBXNativeTarget "Muffin Button" */;
			buildPhases = (
				186FBAF819DF7748008E4C8D /* Sources */,
				186FBAF919DF7748008E4C8D /* Frameworks */,
				186FBAFA19DF7748008E4C8D /* Resources */,
			);
			buildRules = (
			);
			dependencies = (
			);
			name = "Muffin Button";
			productName = "Muffin Button";
			productReference = 186FBAFC19DF7748008E4C8D /* Muffin Button.app */;
			productType = "com.apple.product-type.application";
		};
		186FBB1019DF7748008E4C8D /* Muffin ButtonTests */ = {
			isa = PBXNativeTarget;
			buildConfigurationList = 186FBB1E19DF7748008E4C8D /* Build configuration list for PBXNativeTarget "Muffin ButtonTests" */;
			buildPhases = (
				186FBB0D19DF7748008E4C8D /* Sources */,
				186FBB0E19DF7748008E4C8D /* Frameworks */,
				186FBB0F19DF7748008E4C8D /* Resources */,
			);
			buildRules = (
			);
			dependencies = (
				186FBB1319DF7748008E4C8D /* PBXTargetDependency */,
			);
			name = "Muffin ButtonTests";
			productName = "Muffin ButtonTests";
			productReference = 186FBB1119DF7748008E4C8D /* Muffin ButtonTests.xctest */;
			productType = "com.apple.product-type.bundle.unit-test";
		};
/* End PBXNativeTarget section */

/* Begin PBXProject section */
		186FBAF419DF7748008E4C8D /* Project object */ = {
			isa = PBXProject;
			attributes = {
				LastUpgradeCheck = 0600;
				ORGANIZATIONNAME = RaBallin;
				TargetAttributes = {
					186FBAFB19DF7748008E4C8D = {
						CreatedOnToolsVersion = 6.0.1;
					};
					186FBB1019DF7748008E4C8D = {
						CreatedOnToolsVersion = 6.0.1;
						TestTargetID = 186FBAFB19DF7748008E4C8D;
					};
				};
			};
			buildConfigurationList = 186FBAF719DF7748008E4C8D /* Build configuration list for PBXProject "Muffin Button" */;
			compatibilityVersion = "Xcode 3.2";
			developmentRegion = English;
			hasScannedForEncodings = 0;
			knownRegions = (
				en,
				Base,
			);
			mainGroup = 186FBAF319DF7748008E4C8D;
			productRefGroup = 186FBAFD19DF7748008E4C8D /* Products */;
			projectDirPath = "";
			projectRoot = "";
			targets = (
				186FBAFB19DF7748008E4C8D /* Muffin Button */,
				186FBB1019DF7748008E4C8D /* Muffin ButtonTests */,
			);
		};
/* End PBXProject section */

/* Begin PBXResourcesBuildPhase section */
		186FBAFA19DF7748008E4C8D /* Resources */ = {
			isa = PBXResourcesBuildPhase;
			buildActionMask = 2147483647;
			files = (
				186FBB0719DF7748008E4C8D /* Main.storyboard in Resources */,
				186FBB0C19DF7748008E4C8D /* LaunchScreen.xib in Resources */,
				18295F2B19E8A93600ED2831 /* Muffin.jpg in Resources */,
				186FBB0919DF7748008E4C8D /* Images.xcassets in Resources */,
				18C0DF0B19EAE5E60034E1A6 /* factory-vector-381896.jpg in Resources */,
				18295F2D19E8AB8900ED2831 /* Made20bacon.png in Resources */,
			);
			runOnlyForDeploymentPostprocessing = 0;
		};
		186FBB0F19DF7748008E4C8D /* Resources */ = {
			isa = PBXResourcesBuildPhase;
			buildActionMask = 2147483647;
			files = (
			);
			runOnlyForDeploymentPostprocessing = 0;
		};
/* End PBXResourcesBuildPhase section */

/* Begin PBXSourcesBuildPhase section */
		186FBAF819DF7748008E4C8D /* Sources */ = {
			isa = PBXSourcesBuildPhase;
			buildActionMask = 2147483647;
			files = (
				186FBB0419DF7748008E4C8D /* ViewController.swift in Sources */,
				186FBB0219DF7748008E4C8D /* AppDelegate.swift in Sources */,
				1885A03A19F1D86900B8E754 /* ShopViewController.swift in Sources */,
			);
			runOnlyForDeploymentPostprocessing = 0;
		};
		186FBB0D19DF7748008E4C8D /* Sources */ = {
			isa = PBXSourcesBuildPhase;
			buildActionMask = 2147483647;
			files = (
				186FBB1819DF7748008E4C8D /* Muffin_ButtonTests.swift in Sources */,
			);
			runOnlyForDeploymentPostprocessing = 0;
		};
/* End PBXSourcesBuildPhase section */

/* Begin PBXTargetDependency section */
		186FBB1319DF7748008E4C8D /* PBXTargetDependency */ = {
			isa = PBXTargetDependency;
			target = 186FBAFB19DF7748008E4C8D /* Muffin Button */;
			targetProxy = 186FBB1219DF7748008E4C8D /* PBXContainerItemProxy */;
		};
/* End PBXTargetDependency section */

/* Begin PBXVariantGroup section */
		186FBB0519DF7748008E4C8D /* Main.storyboard */ = {
			isa = PBXVariantGroup;
			children = (
				186FBB0619DF7748008E4C8D /* Base */,
			);
			name = Main.storyboard;
			sourceTree = "<group>";
		};
		186FBB0A19DF7748008E4C8D /* LaunchScreen.xib */ = {
			isa = PBXVariantGroup;
			children = (
				186FBB0B19DF7748008E4C8D /* Base */,
			);
			name = LaunchScreen.xib;
			sourceTree = "<group>";
		};
/* End PBXVariantGroup section */

/* Begin XCBuildConfiguration section */
		186FBB1919DF7748008E4C8D /* Debug */ = {
			isa = XCBuildConfiguration;
			buildSettings = {
				ALWAYS_SEARCH_USER_PATHS = NO;
				CLANG_CXX_LANGUAGE_STANDARD = "gnu++0x";
				CLANG_CXX_LIBRARY = "libc++";
				CLANG_ENABLE_MODULES = YES;
				CLANG_ENABLE_OBJC_ARC = YES;
				CLANG_WARN_BOOL_CONVERSION = YES;
				CLANG_WARN_CONSTANT_CONVERSION = YES;
				CLANG_WARN_DIRECT_OBJC_ISA_USAGE = YES_ERROR;
				CLANG_WARN_EMPTY_BODY = YES;
				CLANG_WARN_ENUM_CONVERSION = YES;
				CLANG_WARN_INT_CONVERSION = YES;
				CLANG_WARN_OBJC_ROOT_CLASS = YES_ERROR;
				CLANG_WARN_UNREACHABLE_CODE = YES;
				CLANG_WARN__DUPLICATE_METHOD_MATCH = YES;
				"CODE_SIGN_IDENTITY[sdk=iphoneos*]" = "iPhone Developer";
				COPY_PHASE_STRIP = NO;
				ENABLE_STRICT_OBJC_MSGSEND = YES;
				GCC_C_LANGUAGE_STANDARD = gnu99;
				GCC_DYNAMIC_NO_PIC = NO;
				GCC_OPTIMIZATION_LEVEL = 0;
				GCC_PREPROCESSOR_DEFINITIONS = (
					"DEBUG=1",
					"$(inherited)",
				);
				GCC_SYMBOLS_PRIVATE_EXTERN = NO;
				GCC_WARN_64_TO_32_BIT_CONVERSION = YES;
				GCC_WARN_ABOUT_RETURN_TYPE = YES_ERROR;
				GCC_WARN_UNDECLARED_SELECTOR = YES;
				GCC_WARN_UNINITIALIZED_AUTOS = YES_AGGRESSIVE;
				GCC_WARN_UNUSED_FUNCTION = YES;
				GCC_WARN_UNUSED_VARIABLE = YES;
				IPHONEOS_DEPLOYMENT_TARGET = 8.0;
				MTL_ENABLE_DEBUG_INFO = YES;
				ONLY_ACTIVE_ARCH = YES;
				SDKROOT = iphoneos;
				SWIFT_OPTIMIZATION_LEVEL = "-Onone";
			};
			name = Debug;
		};
		186FBB1A19DF7748008E4C8D /* Release */ = {
			isa = XCBuildConfiguration;
			buildSettings = {
				ALWAYS_SEARCH_USER_PATHS = NO;
				CLANG_CXX_LANGUAGE_STANDARD = "gnu++0x";
				CLANG_CXX_LIBRARY = "libc++";
				CLANG_ENABLE_MODULES = YES;
				CLANG_ENABLE_OBJC_ARC = YES;
				CLANG_WARN_BOOL_CONVERSION = YES;
				CLANG_WARN_CONSTANT_CONVERSION = YES;
				CLANG_WARN_DIRECT_OBJC_ISA_USAGE = YES_ERROR;
				CLANG_WARN_EMPTY_BODY = YES;
				CLANG_WARN_ENUM_CONVERSION = YES;
				CLANG_WARN_INT_CONVERSION = YES;
				CLANG_WARN_OBJC_ROOT_CLASS = YES_ERROR;
				CLANG_WARN_UNREACHABLE_CODE = YES;
				CLANG_WARN__DUPLICATE_METHOD_MATCH = YES;
				"CODE_SIGN_IDENTITY[sdk=iphoneos*]" = "iPhone Developer";
				COPY_PHASE_STRIP = YES;
				ENABLE_NS_ASSERTIONS = NO;
				ENABLE_STRICT_OBJC_MSGSEND = YES;
				GCC_C_LANGUAGE_STANDARD = gnu99;
				GCC_WARN_64_TO_32_BIT_CONVERSION = YES;
				GCC_WARN_ABOUT_RETURN_TYPE = YES_ERROR;
				GCC_WARN_UNDECLARED_SELECTOR = YES;
				GCC_WARN_UNINITIALIZED_AUTOS = YES_AGGRESSIVE;
				GCC_WARN_UNUSED_FUNCTION = YES;
				GCC_WARN_UNUSED_VARIABLE = YES;
				IPHONEOS_DEPLOYMENT_TARGET = 8.0;
				MTL_ENABLE_DEBUG_INFO = NO;
				SDKROOT = iphoneos;
				VALIDATE_PRODUCT = YES;
			};
			name = Release;
		};
		186FBB1C19DF7748008E4C8D /* Debug */ = {
			isa = XCBuildConfiguration;
			buildSettings = {
				ASSETCATALOG_COMPILER_APPICON_NAME = AppIcon;
				INFOPLIST_FILE = "Muffin Button/Info.plist";
				LD_RUNPATH_SEARCH_PATHS = "$(inherited) @executable_path/Frameworks";
				PRODUCT_NAME = "$(TARGET_NAME)";
			};
			name = Debug;
		};
		186FBB1D19DF7748008E4C8D /* Release */ = {
			isa = XCBuildConfiguration;
			buildSettings = {
				ASSETCATALOG_COMPILER_APPICON_NAME = AppIcon;
				INFOPLIST_FILE = "Muffin Button/Info.plist";
				LD_RUNPATH_SEARCH_PATHS = "$(inherited) @executable_path/Frameworks";
				PRODUCT_NAME = "$(TARGET_NAME)";
			};
			name = Release;
		};
		186FBB1F19DF7748008E4C8D /* Debug */ = {
			isa = XCBuildConfiguration;
			buildSettings = {
				BUNDLE_LOADER = "$(TEST_HOST)";
				FRAMEWORK_SEARCH_PATHS = (
					"$(SDKROOT)/Developer/Library/Frameworks",
					"$(inherited)",
				);
				GCC_PREPROCESSOR_DEFINITIONS = (
					"DEBUG=1",
					"$(inherited)",
				);
				INFOPLIST_FILE = "Muffin ButtonTests/Info.plist";
				LD_RUNPATH_SEARCH_PATHS = "$(inherited) @executable_path/Frameworks @loader_path/Frameworks";
				PRODUCT_NAME = "$(TARGET_NAME)";
				TEST_HOST = "$(BUILT_PRODUCTS_DIR)/Muffin Button.app/Muffin Button";
			};
			name = Debug;
		};
		186FBB2019DF7748008E4C8D /* Release */ = {
			isa = XCBuildConfiguration;
			buildSettings = {
				BUNDLE_LOADER = "$(TEST_HOST)";
				FRAMEWORK_SEARCH_PATHS = (
					"$(SDKROOT)/Developer/Library/Frameworks",
					"$(inherited)",
				);
				INFOPLIST_FILE = "Muffin ButtonTests/Info.plist";
				LD_RUNPATH_SEARCH_PATHS = "$(inherited) @executable_path/Frameworks @loader_path/Frameworks";
				PRODUCT_NAME = "$(TARGET_NAME)";
				TEST_HOST = "$(BUILT_PRODUCTS_DIR)/Muffin Button.app/Muffin Button";
			};
			name = Release;
		};
/* End XCBuildConfiguration section */

/* Begin XCConfigurationList section */
		186FBAF719DF7748008E4C8D /* Build configuration list for PBXProject "Muffin Button" */ = {
			isa = XCConfigurationList;
			buildConfigurations = (
				186FBB1919DF7748008E4C8D /* Debug */,
				186FBB1A19DF7748008E4C8D /* Release */,
			);
			defaultConfigurationIsVisible = 0;
			defaultConfigurationName = Release;
		};
		186FBB1B19DF7748008E4C8D /* Build configuration list for PBXNativeTarget "Muffin Button" */ = {
			isa = XCConfigurationList;
			buildConfigurations = (
				186FBB1C19DF7748008E4C8D /* Debug */,
				186FBB1D19DF7748008E4C8D /* Release */,
			);
			defaultConfigurationIsVisible = 0;
			defaultConfigurationName = Release;
		};
		186FBB1E19DF7748008E4C8D /* Build configuration list for PBXNativeTarget "Muffin ButtonTests" */ = {
			isa = XCConfigurationList;
			buildConfigurations = (
				186FBB1F19DF7748008E4C8D /* Debug */,
				186FBB2019DF7748008E4C8D /* Release */,
			);
			defaultConfigurationIsVisible = 0;
			defaultConfigurationName = Release;
		};
/* End XCConfigurationList section */
	};
	rootObject = 186FBAF419DF7748008E4C8D /* Project object */;
}
